
Microsoft Visual Studio Solution File, Format Version 12.00
# Visual Studio Version 17
VisualStudioVersion = 17.0.31903.59
MinimumVisualStudioVersion = 10.0.40219.1
Project("{2150E333-8FDC-42A3-9474-1A3956D46DE8}") = "src", "src", "{827E0CD3-B72D-47B6-A68D-7590B98EB39B}"
EndProject
Project("{2150E333-8FDC-42A3-9474-1A3956D46DE8}") = "BuildingBlocks", "BuildingBlocks", "{90298CBA-BD6F-3A0A-69D5-97CAD7B05E7E}"
EndProject
Project("{FAE04EC0-301F-11D3-BF4B-00C04F79EFBC}") = "SOE.BuildingBlocks.Application", "src\BuildingBlocks\SOE.BuildingBlocks.Application\SOE.BuildingBlocks.Application.csproj", "{5BB9BB63-A4E3-4BCE-9128-D0D58584408F}"
EndProject
Project("{FAE04EC0-301F-11D3-BF4B-00C04F79EFBC}") = "SOE.BuildingBlocks.Domain", "src\BuildingBlocks\SOE.BuildingBlocks.Domain\SOE.BuildingBlocks.Domain.csproj", "{96CD7086-8892-4DA3-A4E4-C12DCDF23DBC}"
EndProject
Project("{FAE04EC0-301F-11D3-BF4B-00C04F79EFBC}") = "SOE.BuildingBlocks.Infrastructure", "src\BuildingBlocks\SOE.BuildingBlocks.Infrastructure\SOE.BuildingBlocks.Infrastructure.csproj", "{E88E6867-BC27-4A18-97B4-50DB9D7D9DD3}"
EndProject
Project("{FAE04EC0-301F-11D3-BF4B-00C04F79EFBC}") = "SOE.BuildingBlocks.Web", "src\BuildingBlocks\SOE.BuildingBlocks.Web\SOE.BuildingBlocks.Web.csproj", "{BCDC76BA-DD2A-427B-BDB7-316BD6D61C9E}"
EndProject
Project("{FAE04EC0-301F-11D3-BF4B-00C04F79EFBC}") = "SOE.Contracts", "src\BuildingBlocks\SOE.Contracts\SOE.Contracts.csproj", "{75835A2C-E419-4C07-B1F9-F6260D01D0A5}"
EndProject
Project("{2150E333-8FDC-42A3-9474-1A3956D46DE8}") = "Gateway", "Gateway", "{6306A8FB-679E-111F-6585-8F70E0EE6013}"
EndProject
Project("{FAE04EC0-301F-11D3-BF4B-00C04F79EFBC}") = "SOE.Gateway", "src\Gateway\SOE.Gateway\SOE.Gateway.csproj", "{75108871-975D-4019-9442-1C0336D015C6}"
EndProject
Project("{2150E333-8FDC-42A3-9474-1A3956D46DE8}") = "Services", "Services", "{984BB9B3-3FA3-BE33-9484-CAC21695A33C}"
EndProject
Project("{2150E333-8FDC-42A3-9474-1A3956D46DE8}") = "Identity", "Identity", "{1BFC9479-12BF-35C3-06B8-42D89D95092B}"
EndProject
Project("{FAE04EC0-301F-11D3-BF4B-00C04F79EFBC}") = "SOE.Identity.Api", "src\Services\Identity\SOE.Identity.Api\SOE.Identity.Api.csproj", "{4F962789-D28A-43EC-BAFF-13B4E6BAC049}"
EndProject
Project("{FAE04EC0-301F-11D3-BF4B-00C04F79EFBC}") = "SOE.Identity.Infrastructure", "src\Services\Identity\SOE.Identity.Infrastructure\SOE.Identity.Infrastructure.csproj", "{E5DF4121-85AB-4AB5-8A9C-06DF0CAD3917}"
EndProject
Project("{FAE04EC0-301F-11D3-BF4B-00C04F79EFBC}") = "SOE.Identity.Application", "src\Services\Identity\SOE.Identity.Application\SOE.Identity.Application.csproj", "{EB7F7313-3CEF-43A6-8A05-5F6506EB7BDE}"
EndProject
Project("{FAE04EC0-301F-11D3-BF4B-00C04F79EFBC}") = "SOE.Identity.Domain", "src\Services\Identity\SOE.Identity.Domain\SOE.Identity.Domain.csproj", "{3D1D7E99-2B2E-49C8-A5EB-C0613BF1312F}"
EndProject
Project("{2150E333-8FDC-42A3-9474-1A3956D46DE8}") = "tests", "tests", "{0AB3BF05-4346-4AA6-1389-037BE0695223}"
EndProject
Project("{FAE04EC0-301F-11D3-BF4B-00C04F79EFBC}") = "SOE.ArchitectureTests", "tests\SOE.ArchitectureTests\SOE.ArchitectureTests.csproj", "{3340B43C-7676-4EEC-95CF-CBC3C14FB0CB}"
EndProject
Project("{FAE04EC0-301F-11D3-BF4B-00C04F79EFBC}") = "SOE.Identity.UnitTests", "tests\SOE.Identity.UnitTests\SOE.Identity.UnitTests.csproj", "{4E531D37-047C-4942-AFA4-4C702964F995}"
EndProject
Global
	GlobalSection(SolutionConfigurationPlatforms) = preSolution
		Debug|Any CPU = Debug|Any CPU
		Debug|x64 = Debug|x64
		Debug|x86 = Debug|x86
		Release|Any CPU = Release|Any CPU
		Release|x64 = Release|x64
		Release|x86 = Release|x86
	EndGlobalSection
	GlobalSection(ProjectConfigurationPlatforms) = postSolution
		{5BB9BB63-A4E3-4BCE-9128-D0D58584408F}.Debug|Any CPU.ActiveCfg = Debug|Any CPU
		{5BB9BB63-A4E3-4BCE-9128-D0D58584408F}.Debug|Any CPU.Build.0 = Debug|Any CPU
		{5BB9BB63-A4E3-4BCE-9128-D0D58584408F}.Debug|x64.ActiveCfg = Debug|Any CPU
		{5BB9BB63-A4E3-4BCE-9128-D0D58584408F}.Debug|x64.Build.0 = Debug|Any CPU
		{5BB9BB63-A4E3-4BCE-9128-D0D58584408F}.Debug|x86.ActiveCfg = Debug|Any CPU
		{5BB9BB63-A4E3-4BCE-9128-D0D58584408F}.Debug|x86.Build.0 = Debug|Any CPU
		{5BB9BB63-A4E3-4BCE-9128-D0D58584408F}.Release|Any CPU.ActiveCfg = Release|Any CPU
		{5BB9BB63-A4E3-4BCE-9128-D0D58584408F}.Release|Any CPU.Build.0 = Release|Any CPU
		{5BB9BB63-A4E3-4BCE-9128-D0D58584408F}.Release|x64.ActiveCfg = Release|Any CPU
		{5BB9BB63-A4E3-4BCE-9128-D0D58584408F}.Release|x64.Build.0 = Release|Any CPU
		{5BB9BB63-A4E3-4BCE-9128-D0D58584408F}.Release|x86.ActiveCfg = Release|Any CPU
		{5BB9BB63-A4E3-4BCE-9128-D0D58584408F}.Release|x86.Build.0 = Release|Any CPU
		{96CD7086-8892-4DA3-A4E4-C12DCDF23DBC}.Debug|Any CPU.ActiveCfg = Debug|Any CPU
		{96CD7086-8892-4DA3-A4E4-C12DCDF23DBC}.Debug|Any CPU.Build.0 = Debug|Any CPU
		{96CD7086-8892-4DA3-A4E4-C12DCDF23DBC}.Debug|x64.ActiveCfg = Debug|Any CPU
		{96CD7086-8892-4DA3-A4E4-C12DCDF23DBC}.Debug|x64.Build.0 = Debug|Any CPU
		{96CD7086-8892-4DA3-A4E4-C12DCDF23DBC}.Debug|x86.ActiveCfg = Debug|Any CPU
		{96CD7086-8892-4DA3-A4E4-C12DCDF23DBC}.Debug|x86.Build.0 = Debug|Any CPU
		{96CD7086-8892-4DA3-A4E4-C12DCDF23DBC}.Release|Any CPU.ActiveCfg = Release|Any CPU
		{96CD7086-8892-4DA3-A4E4-C12DCDF23DBC}.Release|Any CPU.Build.0 = Release|Any CPU
		{96CD7086-8892-4DA3-A4E4-C12DCDF23DBC}.Release|x64.ActiveCfg = Release|Any CPU
		{96CD7086-8892-4DA3-A4E4-C12DCDF23DBC}.Release|x64.Build.0 = Release|Any CPU
		{96CD7086-8892-4DA3-A4E4-C12DCDF23DBC}.Release|x86.ActiveCfg = Release|Any CPU
		{96CD7086-8892-4DA3-A4E4-C12DCDF23DBC}.Release|x86.Build.0 = Release|Any CPU
		{E88E6867-BC27-4A18-97B4-50DB9D7D9DD3}.Debug|Any CPU.ActiveCfg = Debug|Any CPU
		{E88E6867-BC27-4A18-97B4-50DB9D7D9DD3}.Debug|Any CPU.Build.0 = Debug|Any CPU
		{E88E6867-BC27-4A18-97B4-50DB9D7D9DD3}.Debug|x64.ActiveCfg = Debug|Any CPU
		{E88E6867-BC27-4A18-97B4-50DB9D7D9DD3}.Debug|x64.Build.0 = Debug|Any CPU
		{E88E6867-BC27-4A18-97B4-50DB9D7D9DD3}.Debug|x86.ActiveCfg = Debug|Any CPU
		{E88E6867-BC27-4A18-97B4-50DB9D7D9DD3}.Debug|x86.Build.0 = Debug|Any CPU
		{E88E6867-BC27-4A18-97B4-50DB9D7D9DD3}.Release|Any CPU.ActiveCfg = Release|Any CPU
		{E88E6867-BC27-4A18-97B4-50DB9D7D9DD3}.Release|Any CPU.Build.0 = Release|Any CPU
		{E88E6867-BC27-4A18-97B4-50DB9D7D9DD3}.Release|x64.ActiveCfg = Release|Any CPU
		{E88E6867-BC27-4A18-97B4-50DB9D7D9DD3}.Release|x64.Build.0 = Release|Any CPU
		{E88E6867-BC27-4A18-97B4-50DB9D7D9DD3}.Release|x86.ActiveCfg = Release|Any CPU
		{E88E6867-BC27-4A18-97B4-50DB9D7D9DD3}.Release|x86.Build.0 = Release|Any CPU
		{BCDC76BA-DD2A-427B-BDB7-316BD6D61C9E}.Debug|Any CPU.ActiveCfg = Debug|Any CPU
		{BCDC76BA-DD2A-427B-BDB7-316BD6D61C9E}.Debug|Any CPU.Build.0 = Debug|Any CPU
		{BCDC76BA-DD2A-427B-BDB7-316BD6D61C9E}.Debug|x64.ActiveCfg = Debug|Any CPU
		{BCDC76BA-DD2A-427B-BDB7-316BD6D61C9E}.Debug|x64.Build.0 = Debug|Any CPU
		{BCDC76BA-DD2A-427B-BDB7-316BD6D61C9E}.Debug|x86.ActiveCfg = Debug|Any CPU
		{BCDC76BA-DD2A-427B-BDB7-316BD6D61C9E}.Debug|x86.Build.0 = Debug|Any CPU
		{BCDC76BA-DD2A-427B-BDB7-316BD6D61C9E}.Release|Any CPU.ActiveCfg = Release|Any CPU
		{BCDC76BA-DD2A-427B-BDB7-316BD6D61C9E}.Release|Any CPU.Build.0 = Release|Any CPU
		{BCDC76BA-DD2A-427B-BDB7-316BD6D61C9E}.Release|x64.ActiveCfg = Release|Any CPU
		{BCDC76BA-DD2A-427B-BDB7-316BD6D61C9E}.Release|x64.Build.0 = Release|Any CPU
		{BCDC76BA-DD2A-427B-BDB7-316BD6D61C9E}.Release|x86.ActiveCfg = Release|Any CPU
		{BCDC76BA-DD2A-427B-BDB7-316BD6D61C9E}.Release|x86.Build.0 = Release|Any CPU
		{75835A2C-E419-4C07-B1F9-F6260D01D0A5}.Debug|Any CPU.ActiveCfg = Debug|Any CPU
		{75835A2C-E419-4C07-B1F9-F6260D01D0A5}.Debug|Any CPU.Build.0 = Debug|Any CPU
		{75835A2C-E419-4C07-B1F9-F6260D01D0A5}.Debug|x64.ActiveCfg = Debug|Any CPU
		{75835A2C-E419-4C07-B1F9-F6260D01D0A5}.Debug|x64.Build.0 = Debug|Any CPU
		{75835A2C-E419-4C07-B1F9-F6260D01D0A5}.Debug|x86.ActiveCfg = Debug|Any CPU
		{75835A2C-E419-4C07-B1F9-F6260D01D0A5}.Debug|x86.Build.0 = Debug|Any CPU
		{75835A2C-E419-4C07-B1F9-F6260D01D0A5}.Release|Any CPU.ActiveCfg = Release|Any CPU
		{75835A2C-E419-4C07-B1F9-F6260D01D0A5}.Release|Any CPU.Build.0 = Release|Any CPU
		{75835A2C-E419-4C07-B1F9-F6260D01D0A5}.Release|x64.ActiveCfg = Release|Any CPU
		{75835A2C-E419-4C07-B1F9-F6260D01D0A5}.Release|x64.Build.0 = Release|Any CPU
		{75835A2C-E419-4C07-B1F9-F6260D01D0A5}.Release|x86.ActiveCfg = Release|Any CPU
		{75835A2C-E419-4C07-B1F9-F6260D01D0A5}.Release|x86.Build.0 = Release|Any CPU
		{75108871-975D-4019-9442-1C0336D015C6}.Debug|Any CPU.ActiveCfg = Debug|Any CPU
		{75108871-975D-4019-9442-1C0336D015C6}.Debug|Any CPU.Build.0 = Debug|Any CPU
		{75108871-975D-4019-9442-1C0336D015C6}.Debug|x64.ActiveCfg = Debug|Any CPU
		{75108871-975D-4019-9442-1C0336D015C6}.Debug|x64.Build.0 = Debug|Any CPU
		{75108871-975D-4019-9442-1C0336D015C6}.Debug|x86.ActiveCfg = Debug|Any CPU
		{75108871-975D-4019-9442-1C0336D015C6}.Debug|x86.Build.0 = Debug|Any CPU
		{75108871-975D-4019-9442-1C0336D015C6}.Release|Any CPU.ActiveCfg = Release|Any CPU
		{75108871-975D-4019-9442-1C0336D015C6}.Release|Any CPU.Build.0 = Release|Any CPU
		{75108871-975D-4019-9442-1C0336D015C6}.Release|x64.ActiveCfg = Release|Any CPU
		{75108871-975D-4019-9442-1C0336D015C6}.Release|x64.Build.0 = Release|Any CPU
		{75108871-975D-4019-9442-1C0336D015C6}.Release|x86.ActiveCfg = Release|Any CPU
		{75108871-975D-4019-9442-1C0336D015C6}.Release|x86.Build.0 = Release|Any CPU
		{4F962789-D28A-43EC-BAFF-13B4E6BAC049}.Debug|Any CPU.ActiveCfg = Debug|Any CPU
		{4F962789-D28A-43EC-BAFF-13B4E6BAC049}.Debug|Any CPU.Build.0 = Debug|Any CPU
		{4F962789-D28A-43EC-BAFF-13B4E6BAC049}.Debug|x64.ActiveCfg = Debug|Any CPU
		{4F962789-D28A-43EC-BAFF-13B4E6BAC049}.Debug|x64.Build.0 = Debug|Any CPU
		{4F962789-D28A-43EC-BAFF-13B4E6BAC049}.Debug|x86.ActiveCfg = Debug|Any CPU
		{4F962789-D28A-43EC-BAFF-13B4E6BAC049}.Debug|x86.Build.0 = Debug|Any CPU
		{4F962789-D28A-43EC-BAFF-13B4E6BAC049}.Release|Any CPU.ActiveCfg = Release|Any CPU
		{4F962789-D28A-43EC-BAFF-13B4E6BAC049}.Release|Any CPU.Build.0 = Release|Any CPU
		{4F962789-D28A-43EC-BAFF-13B4E6BAC049}.Release|x64.ActiveCfg = Release|Any CPU
		{4F962789-D28A-43EC-BAFF-13B4E6BAC049}.Release|x64.Build.0 = Release|Any CPU
		{4F962789-D28A-43EC-BAFF-13B4E6BAC049}.Release|x86.ActiveCfg = Release|Any CPU
		{4F962789-D28A-43EC-BAFF-13B4E6BAC049}.Release|x86.Build.0 = Release|Any CPU
		{E5DF4121-85AB-4AB5-8A9C-06DF0CAD3917}.Debug|Any CPU.ActiveCfg = Debug|Any CPU
		{E5DF4121-85AB-4AB5-8A9C-06DF0CAD3917}.Debug|Any CPU.Build.0 = Debug|Any CPU
		{E5DF4121-85AB-4AB5-8A9C-06DF0CAD3917}.Debug|x64.ActiveCfg = Debug|Any CPU
		{E5DF4121-85AB-4AB5-8A9C-06DF0CAD3917}.Debug|x64.Build.0 = Debug|Any CPU
		{E5DF4121-85AB-4AB5-8A9C-06DF0CAD3917}.Debug|x86.ActiveCfg = Debug|Any CPU
		{E5DF4121-85AB-4AB5-8A9C-06DF0CAD3917}.Debug|x86.Build.0 = Debug|Any CPU
		{E5DF4121-85AB-4AB5-8A9C-06DF0CAD3917}.Release|Any CPU.ActiveCfg = Release|Any CPU
		{E5DF4121-85AB-4AB5-8A9C-06DF0CAD3917}.Release|Any CPU.Build.0 = Release|Any CPU
		{E5DF4121-85AB-4AB5-8A9C-06DF0CAD3917}.Release|x64.ActiveCfg = Release|Any CPU
		{E5DF4121-85AB-4AB5-8A9C-06DF0CAD3917}.Release|x64.Build.0 = Release|Any CPU
		{E5DF4121-85AB-4AB5-8A9C-06DF0CAD3917}.Release|x86.ActiveCfg = Release|Any CPU
		{E5DF4121-85AB-4AB5-8A9C-06DF0CAD3917}.Release|x86.Build.0 = Release|Any CPU
		{EB7F7313-3CEF-43A6-8A05-5F6506EB7BDE}.Debug|Any CPU.ActiveCfg = Debug|Any CPU
		{EB7F7313-3CEF-43A6-8A05-5F6506EB7BDE}.Debug|Any CPU.Build.0 = Debug|Any CPU
		{EB7F7313-3CEF-43A6-8A05-5F6506EB7BDE}.Debug|x64.ActiveCfg = Debug|Any CPU
		{EB7F7313-3CEF-43A6-8A05-5F6506EB7BDE}.Debug|x64.Build.0 = Debug|Any CPU
		{EB7F7313-3CEF-43A6-8A05-5F6506EB7BDE}.Debug|x86.ActiveCfg = Debug|Any CPU
		{EB7F7313-3CEF-43A6-8A05-5F6506EB7BDE}.Debug|x86.Build.0 = Debug|Any CPU
		{EB7F7313-3CEF-43A6-8A05-5F6506EB7BDE}.Release|Any CPU.ActiveCfg = Release|Any CPU
		{EB7F7313-3CEF-43A6-8A05-5F6506EB7BDE}.Release|Any CPU.Build.0 = Release|Any CPU
		{EB7F7313-3CEF-43A6-8A05-5F6506EB7BDE}.Release|x64.ActiveCfg = Release|Any CPU
		{EB7F7313-3CEF-43A6-8A05-5F6506EB7BDE}.Release|x64.Build.0 = Release|Any CPU
		{EB7F7313-3CEF-43A6-8A05-5F6506EB7BDE}.Release|x86.ActiveCfg = Release|Any CPU
		{EB7F7313-3CEF-43A6-8A05-5F6506EB7BDE}.Release|x86.Build.0 = Release|Any CPU
		{3D1D7E99-2B2E-49C8-A5EB-C0613BF1312F}.Debug|Any CPU.ActiveCfg = Debug|Any CPU
		{3D1D7E99-2B2E-49C8-A5EB-C0613BF1312F}.Debug|Any CPU.Build.0 = Debug|Any CPU
		{3D1D7E99-2B2E-49C8-A5EB-C0613BF1312F}.Debug|x64.ActiveCfg = Debug|Any CPU
		{3D1D7E99-2B2E-49C8-A5EB-C0613BF1312F}.Debug|x64.Build.0 = Debug|Any CPU
		{3D1D7E99-2B2E-49C8-A5EB-C0613BF1312F}.Debug|x86.ActiveCfg = Debug|Any CPU
		{3D1D7E99-2B2E-49C8-A5EB-C0613BF1312F}.Debug|x86.Build.0 = Debug|Any CPU
		{3D1D7E99-2B2E-49C8-A5EB-C0613BF1312F}.Release|Any CPU.ActiveCfg = Release|Any CPU
		{3D1D7E99-2B2E-49C8-A5EB-C0613BF1312F}.Release|Any CPU.Build.0 = Release|Any CPU
		{3D1D7E99-2B2E-49C8-A5EB-C0613BF1312F}.Release|x64.ActiveCfg = Release|Any CPU
		{3D1D7E99-2B2E-49C8-A5EB-C0613BF1312F}.Release|x64.Build.0 = Release|Any CPU
		{3D1D7E99-2B2E-49C8-A5EB-C0613BF1312F}.Release|x86.ActiveCfg = Release|Any CPU
		{3D1D7E99-2B2E-49C8-A5EB-C0613BF1312F}.Release|x86.Build.0 = Release|Any CPU
		{3340B43C-7676-4EEC-95CF-CBC3C14FB0CB}.Debug|Any CPU.ActiveCfg = Debug|Any CPU
		{3340B43C-7676-4EEC-95CF-CBC3C14FB0CB}.Debug|Any CPU.Build.0 = Debug|Any CPU
		{3340B43C-7676-4EEC-95CF-CBC3C14FB0CB}.Debug|x64.ActiveCfg = Debug|Any CPU
		{3340B43C-7676-4EEC-95CF-CBC3C14FB0CB}.Debug|x64.Build.0 = Debug|Any CPU
		{3340B43C-7676-4EEC-95CF-CBC3C14FB0CB}.Debug|x86.ActiveCfg = Debug|Any CPU
		{3340B43C-7676-4EEC-95CF-CBC3C14FB0CB}.Debug|x86.Build.0 = Debug|Any CPU
		{3340B43C-7676-4EEC-95CF-CBC3C14FB0CB}.Release|Any CPU.ActiveCfg = Release|Any CPU
		{3340B43C-7676-4EEC-95CF-CBC3C14FB0CB}.Release|Any CPU.Build.0 = Release|Any CPU
		{3340B43C-7676-4EEC-95CF-CBC3C14FB0CB}.Release|x64.ActiveCfg = Release|Any CPU
		{3340B43C-7676-4EEC-95CF-CBC3C14FB0CB}.Release|x64.Build.0 = Release|Any CPU
		{3340B43C-7676-4EEC-95CF-CBC3C14FB0CB}.Release|x86.ActiveCfg = Release|Any CPU
		{3340B43C-7676-4EEC-95CF-CBC3C14FB0CB}.Release|x86.Build.0 = Release|Any CPU
		{4E531D37-047C-4942-AFA4-4C702964F995}.Debug|Any CPU.ActiveCfg = Debug|Any CPU
		{4E531D37-047C-4942-AFA4-4C702964F995}.Debug|Any CPU.Build.0 = Debug|Any CPU
		{4E531D37-047C-4942-AFA4-4C702964F995}.Debug|x64.ActiveCfg = Debug|Any CPU
		{4E531D37-047C-4942-AFA4-4C702964F995}.Debug|x64.Build.0 = Debug|Any CPU
		{4E531D37-047C-4942-AFA4-4C702964F995}.Debug|x86.ActiveCfg = Debug|Any CPU
		{4E531D37-047C-4942-AFA4-4C702964F995}.Debug|x86.Build.0 = Debug|Any CPU
		{4E531D37-047C-4942-AFA4-4C702964F995}.Release|Any CPU.ActiveCfg = Release|Any CPU
		{4E531D37-047C-4942-AFA4-4C702964F995}.Release|Any CPU.Build.0 = Release|Any CPU
		{4E531D37-047C-4942-AFA4-4C702964F995}.Release|x64.ActiveCfg = Release|Any CPU
		{4E531D37-047C-4942-AFA4-4C702964F995}.Release|x64.Build.0 = Release|Any CPU
		{4E531D37-047C-4942-AFA4-4C702964F995}.Release|x86.ActiveCfg = Release|Any CPU
		{4E531D37-047C-4942-AFA4-4C702964F995}.Release|x86.Build.0 = Release|Any CPU
	EndGlobalSection
	GlobalSection(SolutionProperties) = preSolution
		HideSolutionNode = FALSE
	EndGlobalSection
	GlobalSection(NestedProjects) = preSolution
		{90298CBA-BD6F-3A0A-69D5-97CAD7B05E7E} = {827E0CD3-B72D-47B6-A68D-7590B98EB39B}
		{5BB9BB63-A4E3-4BCE-9128-D0D58584408F} = {90298CBA-BD6F-3A0A-69D5-97CAD7B05E7E}
		{96CD7086-8892-4DA3-A4E4-C12DCDF23DBC} = {90298CBA-BD6F-3A0A-69D5-97CAD7B05E7E}
		{E88E6867-BC27-4A18-97B4-50DB9D7D9DD3} = {90298CBA-BD6F-3A0A-69D5-97CAD7B05E7E}
		{BCDC76BA-DD2A-427B-BDB7-316BD6D61C9E} = {90298CBA-BD6F-3A0A-69D5-97CAD7B05E7E}
		{75835A2C-E419-4C07-B1F9-F6260D01D0A5} = {90298CBA-BD6F-3A0A-69D5-97CAD7B05E7E}
		{6306A8FB-679E-111F-6585-8F70E0EE6013} = {827E0CD3-B72D-47B6-A68D-7590B98EB39B}
		{75108871-975D-4019-9442-1C0336D015C6} = {6306A8FB-679E-111F-6585-8F70E0EE6013}
		{984BB9B3-3FA3-BE33-9484-CAC21695A33C} = {827E0CD3-B72D-47B6-A68D-7590B98EB39B}
		{1BFC9479-12BF-35C3-06B8-42D89D95092B} = {984BB9B3-3FA3-BE33-9484-CAC21695A33C}
		{4F962789-D28A-43EC-BAFF-13B4E6BAC049} = {1BFC9479-12BF-35C3-06B8-42D89D95092B}
		{E5DF4121-85AB-4AB5-8A9C-06DF0CAD3917} = {1BFC9479-12BF-35C3-06B8-42D89D95092B}
		{EB7F7313-3CEF-43A6-8A05-5F6506EB7BDE} = {1BFC9479-12BF-35C3-06B8-42D89D95092B}
		{3D1D7E99-2B2E-49C8-A5EB-C0613BF1312F} = {1BFC9479-12BF-35C3-06B8-42D89D95092B}
		{3340B43C-7676-4EEC-95CF-CBC3C14FB0CB} = {0AB3BF05-4346-4AA6-1389-037BE0695223}
		{4E531D37-047C-4942-AFA4-4C702964F995} = {0AB3BF05-4346-4AA6-1389-037BE0695223}
	EndGlobalSection
EndGlobal
